
Microsoft Visual Studio Solution File, Format Version 12.00
# Visual Studio Version 17
VisualStudioVersion = 17.4.33205.214
MinimumVisualStudioVersion = 10.0.40219.1
Project("{FAE04EC0-301F-11D3-BF4B-00C04F79EFBC}") = "AlgoInventory.Api", "AlgoInventory.Api\AlgoInventory.Api.csproj", "{C6CC32BA-6E5B-4B19-ADB8-CD098ABCCEA7}"
EndProject
Global
	GlobalSection(SolutionConfigurationPlatforms) = preSolution
		Debug|Any CPU = Debug|Any CPU
		Release|Any CPU = Release|Any CPU
	EndGlobalSection
	GlobalSection(ProjectConfigurationPlatforms) = postSolution
		{C6CC32BA-6E5B-4B19-ADB8-CD098ABCCEA7}.Debug|Any CPU.ActiveCfg = Debug|Any CPU
		{C6CC32BA-6E5B-4B19-ADB8-CD098ABCCEA7}.Debug|Any CPU.Build.0 = Debug|Any CPU
		{C6CC32BA-6E5B-4B19-ADB8-CD098ABCCEA7}.Release|Any CPU.ActiveCfg = Release|Any CPU
		{C6CC32BA-6E5B-4B19-ADB8-CD098ABCCEA7}.Release|Any CPU.Build.0 = Release|Any CPU
	EndGlobalSection
	GlobalSection(SolutionProperties) = preSolution
		HideSolutionNode = FALSE
	EndGlobalSection
	GlobalSection(ExtensibilityGlobals) = postSolution
		SolutionGuid = {82E0F601-6E38-4E87-B8E0-1562928C6B3E}
	EndGlobalSection
EndGlobal
